// !$*UTF8*$!
{
	archiveVersion = 1;
	classes = {
	};
	objectVersion = 46;
	objects = {

/* Begin PBXAggregateTarget section */
		"AppCoordinator::AppCoordinatorPackageTests::ProductTarget" /* AppCoordinatorPackageTests */ = {
			isa = PBXAggregateTarget;
			buildConfigurationList = OBJ_60 /* Build configuration list for PBXAggregateTarget "AppCoordinatorPackageTests" */;
			buildPhases = (
			);
			dependencies = (
				OBJ_63 /* PBXTargetDependency */,
			);
			name = AppCoordinatorPackageTests;
			productName = AppCoordinatorPackageTests;
		};
/* End PBXAggregateTarget section */

/* Begin PBXBuildFile section */
		OBJ_38 /* Coordinated.swift in Sources */ = {isa = PBXBuildFile; fileRef = OBJ_9 /* Coordinated.swift */; };
		OBJ_39 /* Coordination.swift in Sources */ = {isa = PBXBuildFile; fileRef = OBJ_10 /* Coordination.swift */; };
		OBJ_40 /* CoordinatorDelegate.swift in Sources */ = {isa = PBXBuildFile; fileRef = OBJ_11 /* CoordinatorDelegate.swift */; };
		OBJ_41 /* CoordinatorError.swift in Sources */ = {isa = PBXBuildFile; fileRef = OBJ_12 /* CoordinatorError.swift */; };
		OBJ_42 /* Coordinator.swift in Sources */ = {isa = PBXBuildFile; fileRef = OBJ_14 /* Coordinator.swift */; };
		OBJ_43 /* DetailCoordinator.swift in Sources */ = {isa = PBXBuildFile; fileRef = OBJ_15 /* DetailCoordinator.swift */; };
		OBJ_44 /* RootCoordinator.swift in Sources */ = {isa = PBXBuildFile; fileRef = OBJ_16 /* RootCoordinator.swift */; };
		OBJ_45 /* RootDetailCoordinator.swift in Sources */ = {isa = PBXBuildFile; fileRef = OBJ_17 /* RootDetailCoordinator.swift */; };
		OBJ_46 /* TabBarCoordinator.swift in Sources */ = {isa = PBXBuildFile; fileRef = OBJ_18 /* TabBarCoordinator.swift */; };
		OBJ_47 /* TabCoordinator.swift in Sources */ = {isa = PBXBuildFile; fileRef = OBJ_19 /* TabCoordinator.swift */; };
		OBJ_48 /* CoordinatorPresentSegue.swift in Sources */ = {isa = PBXBuildFile; fileRef = OBJ_21 /* CoordinatorPresentSegue.swift */; };
		OBJ_49 /* CoordinatorPushSegue.swift in Sources */ = {isa = PBXBuildFile; fileRef = OBJ_22 /* CoordinatorPushSegue.swift */; };
		OBJ_50 /* CoordinatorSegue.swift in Sources */ = {isa = PBXBuildFile; fileRef = OBJ_23 /* CoordinatorSegue.swift */; };
		OBJ_51 /* CoordinatorShowDetailSegue.swift in Sources */ = {isa = PBXBuildFile; fileRef = OBJ_24 /* CoordinatorShowDetailSegue.swift */; };
		OBJ_58 /* Package.swift in Sources */ = {isa = PBXBuildFile; fileRef = OBJ_6 /* Package.swift */; };
		OBJ_69 /* AppCoordinatorTests.swift in Sources */ = {isa = PBXBuildFile; fileRef = OBJ_27 /* AppCoordinatorTests.swift */; };
		OBJ_70 /* XCTestManifests.swift in Sources */ = {isa = PBXBuildFile; fileRef = OBJ_28 /* XCTestManifests.swift */; };
		OBJ_72 /* AppCoordinator.framework in Frameworks */ = {isa = PBXBuildFile; fileRef = "AppCoordinator::AppCoordinator::Product" /* AppCoordinator.framework */; };
/* End PBXBuildFile section */

/* Begin PBXContainerItemProxy section */
		15098B5623AA767A000FAFEA /* PBXContainerItemProxy */ = {
			isa = PBXContainerItemProxy;
			containerPortal = OBJ_1 /* Project object */;
			proxyType = 1;
			remoteGlobalIDString = "AppCoordinator::AppCoordinator";
			remoteInfo = AppCoordinator;
		};
		15098B5723AA767A000FAFEA /* PBXContainerItemProxy */ = {
			isa = PBXContainerItemProxy;
			containerPortal = OBJ_1 /* Project object */;
			proxyType = 1;
			remoteGlobalIDString = "AppCoordinator::AppCoordinatorTests";
			remoteInfo = AppCoordinatorTests;
		};
/* End PBXContainerItemProxy section */

/* Begin PBXFileReference section */
		"AppCoordinator::AppCoordinator::Product" /* AppCoordinator.framework */ = {isa = PBXFileReference; lastKnownFileType = wrapper.framework; path = AppCoordinator.framework; sourceTree = BUILT_PRODUCTS_DIR; };
		"AppCoordinator::AppCoordinatorTests::Product" /* AppCoordinatorTests.xctest */ = {isa = PBXFileReference; lastKnownFileType = file; path = AppCoordinatorTests.xctest; sourceTree = BUILT_PRODUCTS_DIR; };
		OBJ_10 /* Coordination.swift */ = {isa = PBXFileReference; lastKnownFileType = sourcecode.swift; path = Coordination.swift; sourceTree = "<group>"; };
		OBJ_11 /* CoordinatorDelegate.swift */ = {isa = PBXFileReference; lastKnownFileType = sourcecode.swift; path = CoordinatorDelegate.swift; sourceTree = "<group>"; };
		OBJ_12 /* CoordinatorError.swift */ = {isa = PBXFileReference; lastKnownFileType = sourcecode.swift; path = CoordinatorError.swift; sourceTree = "<group>"; };
		OBJ_14 /* Coordinator.swift */ = {isa = PBXFileReference; lastKnownFileType = sourcecode.swift; path = Coordinator.swift; sourceTree = "<group>"; };
		OBJ_15 /* DetailCoordinator.swift */ = {isa = PBXFileReference; lastKnownFileType = sourcecode.swift; path = DetailCoordinator.swift; sourceTree = "<group>"; };
		OBJ_16 /* RootCoordinator.swift */ = {isa = PBXFileReference; lastKnownFileType = sourcecode.swift; path = RootCoordinator.swift; sourceTree = "<group>"; };
		OBJ_17 /* RootDetailCoordinator.swift */ = {isa = PBXFileReference; lastKnownFileType = sourcecode.swift; path = RootDetailCoordinator.swift; sourceTree = "<group>"; };
		OBJ_18 /* TabBarCoordinator.swift */ = {isa = PBXFileReference; lastKnownFileType = sourcecode.swift; path = TabBarCoordinator.swift; sourceTree = "<group>"; };
		OBJ_19 /* TabCoordinator.swift */ = {isa = PBXFileReference; lastKnownFileType = sourcecode.swift; path = TabCoordinator.swift; sourceTree = "<group>"; };
		OBJ_21 /* CoordinatorPresentSegue.swift */ = {isa = PBXFileReference; lastKnownFileType = sourcecode.swift; path = CoordinatorPresentSegue.swift; sourceTree = "<group>"; };
		OBJ_22 /* CoordinatorPushSegue.swift */ = {isa = PBXFileReference; lastKnownFileType = sourcecode.swift; path = CoordinatorPushSegue.swift; sourceTree = "<group>"; };
		OBJ_23 /* CoordinatorSegue.swift */ = {isa = PBXFileReference; lastKnownFileType = sourcecode.swift; path = CoordinatorSegue.swift; sourceTree = "<group>"; };
		OBJ_24 /* CoordinatorShowDetailSegue.swift */ = {isa = PBXFileReference; lastKnownFileType = sourcecode.swift; path = CoordinatorShowDetailSegue.swift; sourceTree = "<group>"; };
		OBJ_27 /* AppCoordinatorTests.swift */ = {isa = PBXFileReference; lastKnownFileType = sourcecode.swift; path = AppCoordinatorTests.swift; sourceTree = "<group>"; };
		OBJ_28 /* XCTestManifests.swift */ = {isa = PBXFileReference; lastKnownFileType = sourcecode.swift; path = XCTestManifests.swift; sourceTree = "<group>"; };
		OBJ_6 /* Package.swift */ = {isa = PBXFileReference; explicitFileType = sourcecode.swift; path = Package.swift; sourceTree = "<group>"; };
		OBJ_9 /* Coordinated.swift */ = {isa = PBXFileReference; lastKnownFileType = sourcecode.swift; path = Coordinated.swift; sourceTree = "<group>"; };
/* End PBXFileReference section */

/* Begin PBXFrameworksBuildPhase section */
		OBJ_52 /* Frameworks */ = {
			isa = PBXFrameworksBuildPhase;
			buildActionMask = 0;
			files = (
			);
			runOnlyForDeploymentPostprocessing = 0;
		};
		OBJ_71 /* Frameworks */ = {
			isa = PBXFrameworksBuildPhase;
			buildActionMask = 0;
			files = (
				OBJ_72 /* AppCoordinator.framework in Frameworks */,
			);
			runOnlyForDeploymentPostprocessing = 0;
		};
/* End PBXFrameworksBuildPhase section */

/* Begin PBXGroup section */
		OBJ_13 /* Coordinators */ = {
			isa = PBXGroup;
			children = (
				OBJ_14 /* Coordinator.swift */,
				OBJ_15 /* DetailCoordinator.swift */,
				OBJ_16 /* RootCoordinator.swift */,
				OBJ_17 /* RootDetailCoordinator.swift */,
				OBJ_18 /* TabBarCoordinator.swift */,
				OBJ_19 /* TabCoordinator.swift */,
			);
			path = Coordinators;
			sourceTree = "<group>";
		};
		OBJ_20 /* Segues */ = {
			isa = PBXGroup;
			children = (
				OBJ_21 /* CoordinatorPresentSegue.swift */,
				OBJ_22 /* CoordinatorPushSegue.swift */,
				OBJ_23 /* CoordinatorSegue.swift */,
				OBJ_24 /* CoordinatorShowDetailSegue.swift */,
			);
			path = Segues;
			sourceTree = "<group>";
		};
		OBJ_25 /* Tests */ = {
			isa = PBXGroup;
			children = (
				OBJ_26 /* AppCoordinatorTests */,
			);
			name = Tests;
			sourceTree = SOURCE_ROOT;
		};
		OBJ_26 /* AppCoordinatorTests */ = {
			isa = PBXGroup;
			children = (
				OBJ_27 /* AppCoordinatorTests.swift */,
				OBJ_28 /* XCTestManifests.swift */,
			);
			name = AppCoordinatorTests;
			path = Tests/AppCoordinatorTests;
			sourceTree = SOURCE_ROOT;
		};
		OBJ_29 /* Products */ = {
			isa = PBXGroup;
			children = (
				"AppCoordinator::AppCoordinatorTests::Product" /* AppCoordinatorTests.xctest */,
				"AppCoordinator::AppCoordinator::Product" /* AppCoordinator.framework */,
			);
			name = Products;
			sourceTree = BUILT_PRODUCTS_DIR;
		};
		OBJ_5 /*  */ = {
			isa = PBXGroup;
			children = (
				OBJ_6 /* Package.swift */,
				OBJ_7 /* Sources */,
				OBJ_25 /* Tests */,
				OBJ_29 /* Products */,
			);
			name = "";
			sourceTree = "<group>";
		};
		OBJ_7 /* Sources */ = {
			isa = PBXGroup;
			children = (
				OBJ_8 /* AppCoordinator */,
			);
			name = Sources;
			sourceTree = SOURCE_ROOT;
		};
		OBJ_8 /* AppCoordinator */ = {
			isa = PBXGroup;
			children = (
				OBJ_9 /* Coordinated.swift */,
				OBJ_10 /* Coordination.swift */,
				OBJ_11 /* CoordinatorDelegate.swift */,
				OBJ_12 /* CoordinatorError.swift */,
				OBJ_13 /* Coordinators */,
				OBJ_20 /* Segues */,
			);
			name = AppCoordinator;
			path = Sources/AppCoordinator;
			sourceTree = SOURCE_ROOT;
		};
/* End PBXGroup section */

/* Begin PBXNativeTarget section */
		"AppCoordinator::AppCoordinator" /* AppCoordinator */ = {
			isa = PBXNativeTarget;
			buildConfigurationList = OBJ_34 /* Build configuration list for PBXNativeTarget "AppCoordinator" */;
			buildPhases = (
				OBJ_37 /* Sources */,
				OBJ_52 /* Frameworks */,
			);
			buildRules = (
			);
			dependencies = (
			);
			name = AppCoordinator;
			productName = AppCoordinator;
			productReference = "AppCoordinator::AppCoordinator::Product" /* AppCoordinator.framework */;
			productType = "com.apple.product-type.framework";
		};
		"AppCoordinator::AppCoordinatorTests" /* AppCoordinatorTests */ = {
			isa = PBXNativeTarget;
			buildConfigurationList = OBJ_65 /* Build configuration list for PBXNativeTarget "AppCoordinatorTests" */;
			buildPhases = (
				OBJ_68 /* Sources */,
				OBJ_71 /* Frameworks */,
			);
			buildRules = (
			);
			dependencies = (
				OBJ_73 /* PBXTargetDependency */,
			);
			name = AppCoordinatorTests;
			productName = AppCoordinatorTests;
			productReference = "AppCoordinator::AppCoordinatorTests::Product" /* AppCoordinatorTests.xctest */;
			productType = "com.apple.product-type.bundle.unit-test";
		};
		"AppCoordinator::SwiftPMPackageDescription" /* AppCoordinatorPackageDescription */ = {
			isa = PBXNativeTarget;
			buildConfigurationList = OBJ_54 /* Build configuration list for PBXNativeTarget "AppCoordinatorPackageDescription" */;
			buildPhases = (
				OBJ_57 /* Sources */,
			);
			buildRules = (
			);
			dependencies = (
			);
			name = AppCoordinatorPackageDescription;
			productName = AppCoordinatorPackageDescription;
			productType = "com.apple.product-type.framework";
		};
/* End PBXNativeTarget section */

/* Begin PBXProject section */
		OBJ_1 /* Project object */ = {
			isa = PBXProject;
			attributes = {
				LastSwiftMigration = 9999;
				LastUpgradeCheck = 9999;
			};
			buildConfigurationList = OBJ_2 /* Build configuration list for PBXProject "AppCoordinator" */;
			compatibilityVersion = "Xcode 3.2";
			developmentRegion = en;
			hasScannedForEncodings = 0;
			knownRegions = (
				en,
			);
			mainGroup = OBJ_5 /*  */;
			productRefGroup = OBJ_29 /* Products */;
			projectDirPath = "";
			projectRoot = "";
			targets = (
				"AppCoordinator::AppCoordinator" /* AppCoordinator */,
				"AppCoordinator::SwiftPMPackageDescription" /* AppCoordinatorPackageDescription */,
				"AppCoordinator::AppCoordinatorPackageTests::ProductTarget" /* AppCoordinatorPackageTests */,
				"AppCoordinator::AppCoordinatorTests" /* AppCoordinatorTests */,
			);
		};
/* End PBXProject section */

/* Begin PBXSourcesBuildPhase section */
		OBJ_37 /* Sources */ = {
			isa = PBXSourcesBuildPhase;
			buildActionMask = 0;
			files = (
				OBJ_38 /* Coordinated.swift in Sources */,
				OBJ_39 /* Coordination.swift in Sources */,
				OBJ_40 /* CoordinatorDelegate.swift in Sources */,
				OBJ_41 /* CoordinatorError.swift in Sources */,
				OBJ_42 /* Coordinator.swift in Sources */,
				OBJ_43 /* DetailCoordinator.swift in Sources */,
				OBJ_44 /* RootCoordinator.swift in Sources */,
				OBJ_45 /* RootDetailCoordinator.swift in Sources */,
				OBJ_46 /* TabBarCoordinator.swift in Sources */,
				OBJ_47 /* TabCoordinator.swift in Sources */,
				OBJ_48 /* CoordinatorPresentSegue.swift in Sources */,
				OBJ_49 /* CoordinatorPushSegue.swift in Sources */,
				OBJ_50 /* CoordinatorSegue.swift in Sources */,
				OBJ_51 /* CoordinatorShowDetailSegue.swift in Sources */,
			);
			runOnlyForDeploymentPostprocessing = 0;
		};
		OBJ_57 /* Sources */ = {
			isa = PBXSourcesBuildPhase;
			buildActionMask = 0;
			files = (
				OBJ_58 /* Package.swift in Sources */,
			);
			runOnlyForDeploymentPostprocessing = 0;
		};
		OBJ_68 /* Sources */ = {
			isa = PBXSourcesBuildPhase;
			buildActionMask = 0;
			files = (
				OBJ_69 /* AppCoordinatorTests.swift in Sources */,
				OBJ_70 /* XCTestManifests.swift in Sources */,
			);
			runOnlyForDeploymentPostprocessing = 0;
		};
/* End PBXSourcesBuildPhase section */

/* Begin PBXTargetDependency section */
		OBJ_63 /* PBXTargetDependency */ = {
			isa = PBXTargetDependency;
			target = "AppCoordinator::AppCoordinatorTests" /* AppCoordinatorTests */;
			targetProxy = 15098B5723AA767A000FAFEA /* PBXContainerItemProxy */;
		};
		OBJ_73 /* PBXTargetDependency */ = {
			isa = PBXTargetDependency;
			target = "AppCoordinator::AppCoordinator" /* AppCoordinator */;
			targetProxy = 15098B5623AA767A000FAFEA /* PBXContainerItemProxy */;
		};
/* End PBXTargetDependency section */

/* Begin XCBuildConfiguration section */
		OBJ_3 /* Debug */ = {
			isa = XCBuildConfiguration;
			buildSettings = {
				CLANG_ENABLE_OBJC_ARC = YES;
				COMBINE_HIDPI_IMAGES = YES;
				COPY_PHASE_STRIP = NO;
				DEBUG_INFORMATION_FORMAT = dwarf;
				DYLIB_INSTALL_NAME_BASE = "@rpath";
				ENABLE_NS_ASSERTIONS = YES;
				GCC_OPTIMIZATION_LEVEL = 0;
				GCC_PREPROCESSOR_DEFINITIONS = (
					"$(inherited)",
					"SWIFT_PACKAGE=1",
					"DEBUG=1",
				);
				MACOSX_DEPLOYMENT_TARGET = 10.10;
				ONLY_ACTIVE_ARCH = YES;
				OTHER_SWIFT_FLAGS = "$(inherited) -DXcode";
				PRODUCT_NAME = "$(TARGET_NAME)";
				SDKROOT = macosx;
				SUPPORTED_PLATFORMS = "macosx iphoneos iphonesimulator appletvos appletvsimulator watchos watchsimulator";
				SWIFT_ACTIVE_COMPILATION_CONDITIONS = "$(inherited) SWIFT_PACKAGE DEBUG";
				SWIFT_OPTIMIZATION_LEVEL = "-Onone";
				USE_HEADERMAP = NO;
			};
			name = Debug;
		};
		OBJ_35 /* Debug */ = {
			isa = XCBuildConfiguration;
			buildSettings = {
				ENABLE_TESTABILITY = YES;
				FRAMEWORK_SEARCH_PATHS = (
					"$(inherited)",
					"$(PLATFORM_DIR)/Developer/Library/Frameworks",
				);
				HEADER_SEARCH_PATHS = "$(inherited)";
				INFOPLIST_FILE = AppCoordinator.xcodeproj/AppCoordinator_Info.plist;
				IPHONEOS_DEPLOYMENT_TARGET = 8.0;
				LD_RUNPATH_SEARCH_PATHS = "$(inherited) $(TOOLCHAIN_DIR)/usr/lib/swift/macosx";
				MACOSX_DEPLOYMENT_TARGET = 10.10;
				OTHER_CFLAGS = "$(inherited)";
				OTHER_LDFLAGS = "$(inherited)";
				OTHER_SWIFT_FLAGS = "$(inherited)";
				PRODUCT_BUNDLE_IDENTIFIER = AppCoordinator;
				PRODUCT_MODULE_NAME = "$(TARGET_NAME:c99extidentifier)";
				PRODUCT_NAME = "$(TARGET_NAME:c99extidentifier)";
				SKIP_INSTALL = YES;
				SWIFT_ACTIVE_COMPILATION_CONDITIONS = "$(inherited)";
				SWIFT_VERSION = 5.0;
				TARGET_NAME = AppCoordinator;
				TVOS_DEPLOYMENT_TARGET = 9.0;
				WATCHOS_DEPLOYMENT_TARGET = 2.0;
			};
			name = Debug;
		};
		OBJ_36 /* Release */ = {
			isa = XCBuildConfiguration;
			buildSettings = {
				ENABLE_TESTABILITY = YES;
				FRAMEWORK_SEARCH_PATHS = (
					"$(inherited)",
					"$(PLATFORM_DIR)/Developer/Library/Frameworks",
				);
				HEADER_SEARCH_PATHS = "$(inherited)";
				INFOPLIST_FILE = AppCoordinator.xcodeproj/AppCoordinator_Info.plist;
				IPHONEOS_DEPLOYMENT_TARGET = 8.0;
				LD_RUNPATH_SEARCH_PATHS = "$(inherited) $(TOOLCHAIN_DIR)/usr/lib/swift/macosx";
				MACOSX_DEPLOYMENT_TARGET = 10.10;
				OTHER_CFLAGS = "$(inherited)";
				OTHER_LDFLAGS = "$(inherited)";
				OTHER_SWIFT_FLAGS = "$(inherited)";
				PRODUCT_BUNDLE_IDENTIFIER = AppCoordinator;
				PRODUCT_MODULE_NAME = "$(TARGET_NAME:c99extidentifier)";
				PRODUCT_NAME = "$(TARGET_NAME:c99extidentifier)";
				SKIP_INSTALL = YES;
				SWIFT_ACTIVE_COMPILATION_CONDITIONS = "$(inherited)";
				SWIFT_VERSION = 5.0;
				TARGET_NAME = AppCoordinator;
				TVOS_DEPLOYMENT_TARGET = 9.0;
				WATCHOS_DEPLOYMENT_TARGET = 2.0;
			};
			name = Release;
		};
		OBJ_4 /* Release */ = {
			isa = XCBuildConfiguration;
			buildSettings = {
				CLANG_ENABLE_OBJC_ARC = YES;
				COMBINE_HIDPI_IMAGES = YES;
				COPY_PHASE_STRIP = YES;
				DEBUG_INFORMATION_FORMAT = "dwarf-with-dsym";
				DYLIB_INSTALL_NAME_BASE = "@rpath";
				GCC_OPTIMIZATION_LEVEL = s;
				GCC_PREPROCESSOR_DEFINITIONS = (
					"$(inherited)",
					"SWIFT_PACKAGE=1",
				);
				MACOSX_DEPLOYMENT_TARGET = 10.10;
				OTHER_SWIFT_FLAGS = "$(inherited) -DXcode";
				PRODUCT_NAME = "$(TARGET_NAME)";
				SDKROOT = macosx;
				SUPPORTED_PLATFORMS = "macosx iphoneos iphonesimulator appletvos appletvsimulator watchos watchsimulator";
				SWIFT_ACTIVE_COMPILATION_CONDITIONS = "$(inherited) SWIFT_PACKAGE";
				SWIFT_OPTIMIZATION_LEVEL = "-Owholemodule";
				USE_HEADERMAP = NO;
			};
			name = Release;
		};
		OBJ_55 /* Debug */ = {
			isa = XCBuildConfiguration;
			buildSettings = {
				LD = /usr/bin/true;
				OTHER_SWIFT_FLAGS = "-swift-version 5 -I $(TOOLCHAIN_DIR)/usr/lib/swift/pm/4_2 -target x86_64-apple-macosx10.10 -sdk /Applications/Xcode.app/Contents/Developer/Platforms/MacOSX.platform/Developer/SDKs/MacOSX10.15.sdk -package-description-version 5";
				SWIFT_VERSION = 5.0;
			};
			name = Debug;
		};
		OBJ_56 /* Release */ = {
			isa = XCBuildConfiguration;
			buildSettings = {
				LD = /usr/bin/true;
				OTHER_SWIFT_FLAGS = "-swift-version 5 -I $(TOOLCHAIN_DIR)/usr/lib/swift/pm/4_2 -target x86_64-apple-macosx10.10 -sdk /Applications/Xcode.app/Contents/Developer/Platforms/MacOSX.platform/Developer/SDKs/MacOSX10.15.sdk -package-description-version 5";
				SWIFT_VERSION = 5.0;
			};
			name = Release;
		};
		OBJ_61 /* Debug */ = {
			isa = XCBuildConfiguration;
			buildSettings = {
			};
			name = Debug;
		};
		OBJ_62 /* Release */ = {
			isa = XCBuildConfiguration;
			buildSettings = {
			};
			name = Release;
		};
		OBJ_66 /* Debug */ = {
			isa = XCBuildConfiguration;
			buildSettings = {
				CLANG_ENABLE_MODULES = YES;
				EMBEDDED_CONTENT_CONTAINS_SWIFT = YES;
				FRAMEWORK_SEARCH_PATHS = (
					"$(inherited)",
					"$(PLATFORM_DIR)/Developer/Library/Frameworks",
				);
				HEADER_SEARCH_PATHS = "$(inherited)";
				INFOPLIST_FILE = AppCoordinator.xcodeproj/AppCoordinatorTests_Info.plist;
				IPHONEOS_DEPLOYMENT_TARGET = 8.0;
				LD_RUNPATH_SEARCH_PATHS = "$(inherited) @loader_path/../Frameworks @loader_path/Frameworks";
				MACOSX_DEPLOYMENT_TARGET = 10.10;
				OTHER_CFLAGS = "$(inherited)";
				OTHER_LDFLAGS = "$(inherited)";
				OTHER_SWIFT_FLAGS = "$(inherited)";
				SWIFT_ACTIVE_COMPILATION_CONDITIONS = "$(inherited)";
				SWIFT_VERSION = 5.0;
				TARGET_NAME = AppCoordinatorTests;
				TVOS_DEPLOYMENT_TARGET = 9.0;
				WATCHOS_DEPLOYMENT_TARGET = 2.0;
			};
			name = Debug;
		};
		OBJ_67 /* Release */ = {
			isa = XCBuildConfiguration;
			buildSettings = {
				CLANG_ENABLE_MODULES = YES;
				EMBEDDED_CONTENT_CONTAINS_SWIFT = YES;
				FRAMEWORK_SEARCH_PATHS = (
					"$(inherited)",
					"$(PLATFORM_DIR)/Developer/Library/Frameworks",
				);
				HEADER_SEARCH_PATHS = "$(inherited)";
				INFOPLIST_FILE = AppCoordinator.xcodeproj/AppCoordinatorTests_Info.plist;
				IPHONEOS_DEPLOYMENT_TARGET = 8.0;
				LD_RUNPATH_SEARCH_PATHS = "$(inherited) @loader_path/../Frameworks @loader_path/Frameworks";
				MACOSX_DEPLOYMENT_TARGET = 10.10;
				OTHER_CFLAGS = "$(inherited)";
				OTHER_LDFLAGS = "$(inherited)";
				OTHER_SWIFT_FLAGS = "$(inherited)";
				SWIFT_ACTIVE_COMPILATION_CONDITIONS = "$(inherited)";
				SWIFT_VERSION = 5.0;
				TARGET_NAME = AppCoordinatorTests;
				TVOS_DEPLOYMENT_TARGET = 9.0;
				WATCHOS_DEPLOYMENT_TARGET = 2.0;
			};
			name = Release;
		};
/* End XCBuildConfiguration section */

/* Begin XCConfigurationList section */
		OBJ_2 /* Build configuration list for PBXProject "AppCoordinator" */ = {
			isa = XCConfigurationList;
			buildConfigurations = (
				OBJ_3 /* Debug */,
				OBJ_4 /* Release */,
			);
			defaultConfigurationIsVisible = 0;
			defaultConfigurationName = Release;
		};
		OBJ_34 /* Build configuration list for PBXNativeTarget "AppCoordinator" */ = {
			isa = XCConfigurationList;
			buildConfigurations = (
				OBJ_35 /* Debug */,
				OBJ_36 /* Release */,
			);
			defaultConfigurationIsVisible = 0;
			defaultConfigurationName = Release;
		};
		OBJ_54 /* Build configuration list for PBXNativeTarget "AppCoordinatorPackageDescription" */ = {
			isa = XCConfigurationList;
			buildConfigurations = (
				OBJ_55 /* Debug */,
				OBJ_56 /* Release */,
			);
			defaultConfigurationIsVisible = 0;
			defaultConfigurationName = Release;
		};
		OBJ_60 /* Build configuration list for PBXAggregateTarget "AppCoordinatorPackageTests" */ = {
			isa = XCConfigurationList;
			buildConfigurations = (
				OBJ_61 /* Debug */,
				OBJ_62 /* Release */,
			);
			defaultConfigurationIsVisible = 0;
			defaultConfigurationName = Release;
		};
		OBJ_65 /* Build configuration list for PBXNativeTarget "AppCoordinatorTests" */ = {
			isa = XCConfigurationList;
			buildConfigurations = (
				OBJ_66 /* Debug */,
				OBJ_67 /* Release */,
			);
			defaultConfigurationIsVisible = 0;
			defaultConfigurationName = Release;
		};
/* End XCConfigurationList section */
	};
	rootObject = OBJ_1 /* Project object */;
}
